
Microsoft Visual Studio Solution File, Format Version 12.00
# Visual Studio 14
VisualStudioVersion = 14.0.23107.0
MinimumVisualStudioVersion = 10.0.40219.1
Project("{FAE04EC0-301F-11D3-BF4B-00C04F79EFBC}") = "MissionControl", "MissionControl\MissionControl.csproj", "{3827BA94-2090-40E0-9802-DAE52888F3C6}"
	ProjectSection(ProjectDependencies) = postProject
		{B881C8D8-41C6-4706-9441-E20DA08E4F42} = {B881C8D8-41C6-4706-9441-E20DA08E4F42}
	EndProjectSection
EndProject
Project("{8BC9CEB8-8B4A-11D0-8D11-00A0C91BC942}") = "libARCommands", "ARDroneSDK3\libARCommands\libARCommands.vcxproj", "{2F7B2CF8-212D-4BAA-AC5A-2D99AE0D1640}"
EndProject
Project("{8BC9CEB8-8B4A-11D0-8D11-00A0C91BC942}") = "libARSAL", "ARDroneSDK3\libARSAL\libARSAL.vcxproj", "{4ACA7A3C-B4DB-42CE-B03C-74399DCB208D}"
EndProject
Project("{8BC9CEB8-8B4A-11D0-8D11-00A0C91BC942}") = "ARDroneSDK3", "ARDroneSDK3\ARDroneSDK3.vcxproj", "{040CCCBD-7D36-4A2F-9BD7-FA5939BF79CB}"
	ProjectSection(ProjectDependencies) = postProject
		{83A7B51E-9E82-4536-A917-572CDB5BD81E} = {83A7B51E-9E82-4536-A917-572CDB5BD81E}
		{5597B426-F3AB-44C7-B6C9-EE3A3BE89CCB} = {5597B426-F3AB-44C7-B6C9-EE3A3BE89CCB}
		{04D51628-AD62-4E13-AB10-F26B94CFB6A9} = {04D51628-AD62-4E13-AB10-F26B94CFB6A9}
		{4ACA7A3C-B4DB-42CE-B03C-74399DCB208D} = {4ACA7A3C-B4DB-42CE-B03C-74399DCB208D}
		{AAAF1A94-53CE-46F8-9654-8DE32EB608FB} = {AAAF1A94-53CE-46F8-9654-8DE32EB608FB}
		{04D8CDBE-FB3E-4362-87E6-07DC3C0083B2} = {04D8CDBE-FB3E-4362-87E6-07DC3C0083B2}
		{2F7B2CF8-212D-4BAA-AC5A-2D99AE0D1640} = {2F7B2CF8-212D-4BAA-AC5A-2D99AE0D1640}
		{6F29DEFD-6747-4EEC-8E60-086F9EA31729} = {6F29DEFD-6747-4EEC-8E60-086F9EA31729}
	EndProjectSection
EndProject
Project("{8BC9CEB8-8B4A-11D0-8D11-00A0C91BC942}") = "libARDiscovery", "ARDroneSDK3\libARDiscovery\libARDiscovery.vcxproj", "{AAAF1A94-53CE-46F8-9654-8DE32EB608FB}"
EndProject
Project("{8BC9CEB8-8B4A-11D0-8D11-00A0C91BC942}") = "libARNetworkAL", "ARDroneSDK3\libARNetworkAL\libARNetworkAL.vcxproj", "{04D51628-AD62-4E13-AB10-F26B94CFB6A9}"
EndProject
Project("{8BC9CEB8-8B4A-11D0-8D11-00A0C91BC942}") = "libARNetwork", "ARDroneSDK3\libARNetwork\libARNetwork.vcxproj", "{83A7B51E-9E82-4536-A917-572CDB5BD81E}"
EndProject
Project("{8BC9CEB8-8B4A-11D0-8D11-00A0C91BC942}") = "json-c", "ARDroneSDK3\json\json-c.vcxproj", "{04D8CDBE-FB3E-4362-87E6-07DC3C0083B2}"
EndProject
Project("{8BC9CEB8-8B4A-11D0-8D11-00A0C91BC942}") = "libARController", "ARDroneSDK3\libARController\libARController.vcxproj", "{6F29DEFD-6747-4EEC-8E60-086F9EA31729}"
EndProject
Project("{8BC9CEB8-8B4A-11D0-8D11-00A0C91BC942}") = "libARStream", "ARDroneSDK3\libARStream\libARStream.vcxproj", "{5597B426-F3AB-44C7-B6C9-EE3A3BE89CCB}"
EndProject
Project("{FAE04EC0-301F-11D3-BF4B-00C04F79EFBC}") = "ARDroneSDK3.Net", "ARDroneSDK3\swig\ARDroneSDK3.Net.csproj", "{B881C8D8-41C6-4706-9441-E20DA08E4F42}"
	ProjectSection(ProjectDependencies) = postProject
		{040CCCBD-7D36-4A2F-9BD7-FA5939BF79CB} = {040CCCBD-7D36-4A2F-9BD7-FA5939BF79CB}
	EndProjectSection
EndProject
Global
	GlobalSection(SolutionConfigurationPlatforms) = preSolution
		Debug|Any CPU = Debug|Any CPU
		Debug|x64 = Debug|x64
		Debug|x86 = Debug|x86
		Release|Any CPU = Release|Any CPU
		Release|x64 = Release|x64
		Release|x86 = Release|x86
	EndGlobalSection
	GlobalSection(ProjectConfigurationPlatforms) = postSolution
		{3827BA94-2090-40E0-9802-DAE52888F3C6}.Debug|Any CPU.ActiveCfg = Debug|x86
		{3827BA94-2090-40E0-9802-DAE52888F3C6}.Debug|Any CPU.Build.0 = Debug|x86
		{3827BA94-2090-40E0-9802-DAE52888F3C6}.Debug|x64.ActiveCfg = Debug|Any CPU
		{3827BA94-2090-40E0-9802-DAE52888F3C6}.Debug|x64.Build.0 = Debug|Any CPU
		{3827BA94-2090-40E0-9802-DAE52888F3C6}.Debug|x86.ActiveCfg = Debug|Any CPU
		{3827BA94-2090-40E0-9802-DAE52888F3C6}.Debug|x86.Build.0 = Debug|Any CPU
		{3827BA94-2090-40E0-9802-DAE52888F3C6}.Release|Any CPU.ActiveCfg = Release|Any CPU
		{3827BA94-2090-40E0-9802-DAE52888F3C6}.Release|Any CPU.Build.0 = Release|Any CPU
		{3827BA94-2090-40E0-9802-DAE52888F3C6}.Release|x64.ActiveCfg = Release|Any CPU
		{3827BA94-2090-40E0-9802-DAE52888F3C6}.Release|x64.Build.0 = Release|Any CPU
		{3827BA94-2090-40E0-9802-DAE52888F3C6}.Release|x86.ActiveCfg = Release|Any CPU
		{3827BA94-2090-40E0-9802-DAE52888F3C6}.Release|x86.Build.0 = Release|Any CPU
		{2F7B2CF8-212D-4BAA-AC5A-2D99AE0D1640}.Debug|Any CPU.ActiveCfg = Debug|Win32
		{2F7B2CF8-212D-4BAA-AC5A-2D99AE0D1640}.Debug|Any CPU.Build.0 = Debug|Win32
		{2F7B2CF8-212D-4BAA-AC5A-2D99AE0D1640}.Debug|x64.ActiveCfg = Debug|x64
		{2F7B2CF8-212D-4BAA-AC5A-2D99AE0D1640}.Debug|x64.Build.0 = Debug|x64
		{2F7B2CF8-212D-4BAA-AC5A-2D99AE0D1640}.Debug|x86.ActiveCfg = Debug|Win32
		{2F7B2CF8-212D-4BAA-AC5A-2D99AE0D1640}.Debug|x86.Build.0 = Debug|Win32
		{2F7B2CF8-212D-4BAA-AC5A-2D99AE0D1640}.Release|Any CPU.ActiveCfg = Release|Win32
		{2F7B2CF8-212D-4BAA-AC5A-2D99AE0D1640}.Release|x64.ActiveCfg = Release|x64
		{2F7B2CF8-212D-4BAA-AC5A-2D99AE0D1640}.Release|x64.Build.0 = Release|x64
		{2F7B2CF8-212D-4BAA-AC5A-2D99AE0D1640}.Release|x86.ActiveCfg = Release|Win32
		{2F7B2CF8-212D-4BAA-AC5A-2D99AE0D1640}.Release|x86.Build.0 = Release|Win32
		{4ACA7A3C-B4DB-42CE-B03C-74399DCB208D}.Debug|Any CPU.ActiveCfg = Debug|Win32
		{4ACA7A3C-B4DB-42CE-B03C-74399DCB208D}.Debug|Any CPU.Build.0 = Debug|Win32
		{4ACA7A3C-B4DB-42CE-B03C-74399DCB208D}.Debug|x64.ActiveCfg = Debug|x64
		{4ACA7A3C-B4DB-42CE-B03C-74399DCB208D}.Debug|x64.Build.0 = Debug|x64
		{4ACA7A3C-B4DB-42CE-B03C-74399DCB208D}.Debug|x86.ActiveCfg = Debug|Win32
		{4ACA7A3C-B4DB-42CE-B03C-74399DCB208D}.Debug|x86.Build.0 = Debug|Win32
		{4ACA7A3C-B4DB-42CE-B03C-74399DCB208D}.Release|Any CPU.ActiveCfg = Release|Win32
		{4ACA7A3C-B4DB-42CE-B03C-74399DCB208D}.Release|x64.ActiveCfg = Release|x64
		{4ACA7A3C-B4DB-42CE-B03C-74399DCB208D}.Release|x64.Build.0 = Release|x64
		{4ACA7A3C-B4DB-42CE-B03C-74399DCB208D}.Release|x86.ActiveCfg = Release|Win32
		{4ACA7A3C-B4DB-42CE-B03C-74399DCB208D}.Release|x86.Build.0 = Release|Win32
		{040CCCBD-7D36-4A2F-9BD7-FA5939BF79CB}.Debug|Any CPU.ActiveCfg = Debug|Win32
		{040CCCBD-7D36-4A2F-9BD7-FA5939BF79CB}.Debug|x64.ActiveCfg = Debug|x64
		{040CCCBD-7D36-4A2F-9BD7-FA5939BF79CB}.Debug|x64.Build.0 = Debug|x64
		{040CCCBD-7D36-4A2F-9BD7-FA5939BF79CB}.Debug|x86.ActiveCfg = Debug|Win32
		{040CCCBD-7D36-4A2F-9BD7-FA5939BF79CB}.Debug|x86.Build.0 = Debug|Win32
		{040CCCBD-7D36-4A2F-9BD7-FA5939BF79CB}.Release|Any CPU.ActiveCfg = Release|Win32
		{040CCCBD-7D36-4A2F-9BD7-FA5939BF79CB}.Release|x64.ActiveCfg = Release|x64
		{040CCCBD-7D36-4A2F-9BD7-FA5939BF79CB}.Release|x64.Build.0 = Release|x64
		{040CCCBD-7D36-4A2F-9BD7-FA5939BF79CB}.Release|x86.ActiveCfg = Release|Win32
		{040CCCBD-7D36-4A2F-9BD7-FA5939BF79CB}.Release|x86.Build.0 = Release|Win32
		{AAAF1A94-53CE-46F8-9654-8DE32EB608FB}.Debug|Any CPU.ActiveCfg = Debug|Win32
		{AAAF1A94-53CE-46F8-9654-8DE32EB608FB}.Debug|x64.ActiveCfg = Debug|x64
		{AAAF1A94-53CE-46F8-9654-8DE32EB608FB}.Debug|x64.Build.0 = Debug|x64
		{AAAF1A94-53CE-46F8-9654-8DE32EB608FB}.Debug|x86.ActiveCfg = Debug|Win32
		{AAAF1A94-53CE-46F8-9654-8DE32EB608FB}.Debug|x86.Build.0 = Debug|Win32
		{AAAF1A94-53CE-46F8-9654-8DE32EB608FB}.Release|Any CPU.ActiveCfg = Release|Win32
		{AAAF1A94-53CE-46F8-9654-8DE32EB608FB}.Release|x64.ActiveCfg = Release|x64
		{AAAF1A94-53CE-46F8-9654-8DE32EB608FB}.Release|x64.Build.0 = Release|x64
		{AAAF1A94-53CE-46F8-9654-8DE32EB608FB}.Release|x86.ActiveCfg = Release|Win32
		{AAAF1A94-53CE-46F8-9654-8DE32EB608FB}.Release|x86.Build.0 = Release|Win32
		{04D51628-AD62-4E13-AB10-F26B94CFB6A9}.Debug|Any CPU.ActiveCfg = Debug|Win32
		{04D51628-AD62-4E13-AB10-F26B94CFB6A9}.Debug|x64.ActiveCfg = Debug|x64
		{04D51628-AD62-4E13-AB10-F26B94CFB6A9}.Debug|x64.Build.0 = Debug|x64
		{04D51628-AD62-4E13-AB10-F26B94CFB6A9}.Debug|x86.ActiveCfg = Debug|Win32
		{04D51628-AD62-4E13-AB10-F26B94CFB6A9}.Debug|x86.Build.0 = Debug|Win32
		{04D51628-AD62-4E13-AB10-F26B94CFB6A9}.Release|Any CPU.ActiveCfg = Release|Win32
		{04D51628-AD62-4E13-AB10-F26B94CFB6A9}.Release|x64.ActiveCfg = Release|x64
		{04D51628-AD62-4E13-AB10-F26B94CFB6A9}.Release|x64.Build.0 = Release|x64
		{04D51628-AD62-4E13-AB10-F26B94CFB6A9}.Release|x86.ActiveCfg = Release|Win32
		{04D51628-AD62-4E13-AB10-F26B94CFB6A9}.Release|x86.Build.0 = Release|Win32
		{83A7B51E-9E82-4536-A917-572CDB5BD81E}.Debug|Any CPU.ActiveCfg = Debug|Win32
		{83A7B51E-9E82-4536-A917-572CDB5BD81E}.Debug|x64.ActiveCfg = Debug|x64
		{83A7B51E-9E82-4536-A917-572CDB5BD81E}.Debug|x64.Build.0 = Debug|x64
		{83A7B51E-9E82-4536-A917-572CDB5BD81E}.Debug|x86.ActiveCfg = Debug|Win32
		{83A7B51E-9E82-4536-A917-572CDB5BD81E}.Debug|x86.Build.0 = Debug|Win32
		{83A7B51E-9E82-4536-A917-572CDB5BD81E}.Release|Any CPU.ActiveCfg = Release|Win32
		{83A7B51E-9E82-4536-A917-572CDB5BD81E}.Release|x64.ActiveCfg = Release|x64
		{83A7B51E-9E82-4536-A917-572CDB5BD81E}.Release|x64.Build.0 = Release|x64
		{83A7B51E-9E82-4536-A917-572CDB5BD81E}.Release|x86.ActiveCfg = Release|Win32
		{83A7B51E-9E82-4536-A917-572CDB5BD81E}.Release|x86.Build.0 = Release|Win32
		{04D8CDBE-FB3E-4362-87E6-07DC3C0083B2}.Debug|Any CPU.ActiveCfg = Debug|Win32
		{04D8CDBE-FB3E-4362-87E6-07DC3C0083B2}.Debug|x64.ActiveCfg = Debug|x64
		{04D8CDBE-FB3E-4362-87E6-07DC3C0083B2}.Debug|x64.Build.0 = Debug|x64
		{04D8CDBE-FB3E-4362-87E6-07DC3C0083B2}.Debug|x86.ActiveCfg = Debug|Win32
		{04D8CDBE-FB3E-4362-87E6-07DC3C0083B2}.Debug|x86.Build.0 = Debug|Win32
		{04D8CDBE-FB3E-4362-87E6-07DC3C0083B2}.Release|Any CPU.ActiveCfg = Release|Win32
		{04D8CDBE-FB3E-4362-87E6-07DC3C0083B2}.Release|x64.ActiveCfg = Release|x64
		{04D8CDBE-FB3E-4362-87E6-07DC3C0083B2}.Release|x64.Build.0 = Release|x64
		{04D8CDBE-FB3E-4362-87E6-07DC3C0083B2}.Release|x86.ActiveCfg = Release|Win32
		{04D8CDBE-FB3E-4362-87E6-07DC3C0083B2}.Release|x86.Build.0 = Release|Win32
		{6F29DEFD-6747-4EEC-8E60-086F9EA31729}.Debug|Any CPU.ActiveCfg = Debug|Win32
		{6F29DEFD-6747-4EEC-8E60-086F9EA31729}.Debug|x64.ActiveCfg = Debug|x64
		{6F29DEFD-6747-4EEC-8E60-086F9EA31729}.Debug|x64.Build.0 = Debug|x64
		{6F29DEFD-6747-4EEC-8E60-086F9EA31729}.Debug|x86.ActiveCfg = Debug|Win32
		{6F29DEFD-6747-4EEC-8E60-086F9EA31729}.Debug|x86.Build.0 = Debug|Win32
		{6F29DEFD-6747-4EEC-8E60-086F9EA31729}.Release|Any CPU.ActiveCfg = Release|Win32
		{6F29DEFD-6747-4EEC-8E60-086F9EA31729}.Release|x64.ActiveCfg = Release|x64
		{6F29DEFD-6747-4EEC-8E60-086F9EA31729}.Release|x64.Build.0 = Release|x64
		{6F29DEFD-6747-4EEC-8E60-086F9EA31729}.Release|x86.ActiveCfg = Release|Win32
		{6F29DEFD-6747-4EEC-8E60-086F9EA31729}.Release|x86.Build.0 = Release|Win32
		{5597B426-F3AB-44C7-B6C9-EE3A3BE89CCB}.Debug|Any CPU.ActiveCfg = Debug|Win32
		{5597B426-F3AB-44C7-B6C9-EE3A3BE89CCB}.Debug|x64.ActiveCfg = Debug|x64
		{5597B426-F3AB-44C7-B6C9-EE3A3BE89CCB}.Debug|x64.Build.0 = Debug|x64
		{5597B426-F3AB-44C7-B6C9-EE3A3BE89CCB}.Debug|x86.ActiveCfg = Debug|Win32
		{5597B426-F3AB-44C7-B6C9-EE3A3BE89CCB}.Debug|x86.Build.0 = Debug|Win32
		{5597B426-F3AB-44C7-B6C9-EE3A3BE89CCB}.Release|Any CPU.ActiveCfg = Release|Win32
		{5597B426-F3AB-44C7-B6C9-EE3A3BE89CCB}.Release|x64.ActiveCfg = Release|x64
		{5597B426-F3AB-44C7-B6C9-EE3A3BE89CCB}.Release|x64.Build.0 = Release|x64
		{5597B426-F3AB-44C7-B6C9-EE3A3BE89CCB}.Release|x86.ActiveCfg = Release|Win32
		{5597B426-F3AB-44C7-B6C9-EE3A3BE89CCB}.Release|x86.Build.0 = Release|Win32
		{B881C8D8-41C6-4706-9441-E20DA08E4F42}.Debug|Any CPU.ActiveCfg = Debug|Any CPU
		{B881C8D8-41C6-4706-9441-E20DA08E4F42}.Debug|Any CPU.Build.0 = Debug|Any CPU
		{B881C8D8-41C6-4706-9441-E20DA08E4F42}.Debug|x64.ActiveCfg = Debug|Any CPU
		{B881C8D8-41C6-4706-9441-E20DA08E4F42}.Debug|x64.Build.0 = Debug|Any CPU
		{B881C8D8-41C6-4706-9441-E20DA08E4F42}.Debug|x86.ActiveCfg = Debug|Any CPU
		{B881C8D8-41C6-4706-9441-E20DA08E4F42}.Debug|x86.Build.0 = Debug|Any CPU
		{B881C8D8-41C6-4706-9441-E20DA08E4F42}.Release|Any CPU.ActiveCfg = Release|Any CPU
		{B881C8D8-41C6-4706-9441-E20DA08E4F42}.Release|Any CPU.Build.0 = Release|Any CPU
		{B881C8D8-41C6-4706-9441-E20DA08E4F42}.Release|x64.ActiveCfg = Release|Any CPU
		{B881C8D8-41C6-4706-9441-E20DA08E4F42}.Release|x64.Build.0 = Release|Any CPU
		{B881C8D8-41C6-4706-9441-E20DA08E4F42}.Release|x86.ActiveCfg = Release|Any CPU
		{B881C8D8-41C6-4706-9441-E20DA08E4F42}.Release|x86.Build.0 = Release|Any CPU
	EndGlobalSection
	GlobalSection(SolutionProperties) = preSolution
		HideSolutionNode = FALSE
	EndGlobalSection
EndGlobal
